
Microsoft Visual Studio Solution File, Format Version 12.00
# Visual Studio Version 17
VisualStudioVersion = 17.1.32228.430
MinimumVisualStudioVersion = 10.0.40219.1
Project("{FAE04EC0-301F-11D3-BF4B-00C04F79EFBC}") = "Number_Analyzer", "Number_Analyzer\Number_Analyzer.csproj", "{1358202E-5E83-42A9-9277-7AD28EF4F152}"
EndProject
Global
	GlobalSection(SolutionConfigurationPlatforms) = preSolution
		Debug|Any CPU = Debug|Any CPU
		Release|Any CPU = Release|Any CPU
	EndGlobalSection
	GlobalSection(ProjectConfigurationPlatforms) = postSolution
		{1358202E-5E83-42A9-9277-7AD28EF4F152}.Debug|Any CPU.ActiveCfg = Debug|Any CPU
		{1358202E-5E83-42A9-9277-7AD28EF4F152}.Debug|Any CPU.Build.0 = Debug|Any CPU
		{1358202E-5E83-42A9-9277-7AD28EF4F152}.Release|Any CPU.ActiveCfg = Release|Any CPU
		{1358202E-5E83-42A9-9277-7AD28EF4F152}.Release|Any CPU.Build.0 = Release|Any CPU
	EndGlobalSection
	GlobalSection(SolutionProperties) = preSolution
		HideSolutionNode = FALSE
	EndGlobalSection
	GlobalSection(ExtensibilityGlobals) = postSolution
		SolutionGuid = {A63E24F3-52E8-46D0-8A76-212DD74D7994}
	EndGlobalSection
EndGlobal
